// !$*UTF8*$!
{
	archiveVersion = 1;
	classes = {
	};
	objectVersion = 46;
	objects = {

/* Begin PBXBuildFile section */
		8F1791651DCD164200307999 /* BoardModel.swift in Sources */ = {isa = PBXBuildFile; fileRef = 8F1791641DCD164200307999 /* BoardModel.swift */; };
		8FB340631DA04E2B00B470CB /* AppDelegate.swift in Sources */ = {isa = PBXBuildFile; fileRef = 8FB340621DA04E2B00B470CB /* AppDelegate.swift */; };
		8FB340681DA04E2B00B470CB /* Main.storyboard in Resources */ = {isa = PBXBuildFile; fileRef = 8FB340661DA04E2B00B470CB /* Main.storyboard */; };
		8FB3406A1DA04E2B00B470CB /* Assets.xcassets in Resources */ = {isa = PBXBuildFile; fileRef = 8FB340691DA04E2B00B470CB /* Assets.xcassets */; };
		8FB3406D1DA04E2B00B470CB /* LaunchScreen.storyboard in Resources */ = {isa = PBXBuildFile; fileRef = 8FB3406B1DA04E2B00B470CB /* LaunchScreen.storyboard */; };
		8FB340781DA04E2B00B470CB /* coloreTests.swift in Sources */ = {isa = PBXBuildFile; fileRef = 8FB340771DA04E2B00B470CB /* coloreTests.swift */; };
		8FB340831DA04E2B00B470CB /* coloreUITests.swift in Sources */ = {isa = PBXBuildFile; fileRef = 8FB340821DA04E2B00B470CB /* coloreUITests.swift */; };
		8FB340911DA04E8400B470CB /* app_icon.png in Resources */ = {isa = PBXBuildFile; fileRef = 8FB340901DA04E8400B470CB /* app_icon.png */; };
		8FB340931DA04E8E00B470CB /* splash_icon.png in Resources */ = {isa = PBXBuildFile; fileRef = 8FB340921DA04E8E00B470CB /* splash_icon.png */; };
		8FB340951DA04EE000B470CB /* HomeViewController.swift in Sources */ = {isa = PBXBuildFile; fileRef = 8FB340941DA04EE000B470CB /* HomeViewController.swift */; };
		8FB340971DA04EFD00B470CB /* MasterModule.swift in Sources */ = {isa = PBXBuildFile; fileRef = 8FB340961DA04EFD00B470CB /* MasterModule.swift */; };
		8FB3409D1DA072B200B470CB /* SequenceModule.swift in Sources */ = {isa = PBXBuildFile; fileRef = 8FB3409C1DA072B200B470CB /* SequenceModule.swift */; };
		8FC3B52E1DCE65AA00B68645 /* UtilityModule.swift in Sources */ = {isa = PBXBuildFile; fileRef = 8FC3B52D1DCE65AA00B68645 /* UtilityModule.swift */; };
		DA2CDD541DCE5747009F60F6 /* BoardCell.swift in Sources */ = {isa = PBXBuildFile; fileRef = DA2CDD531DCE5747009F60F6 /* BoardCell.swift */; };
		DA2CDD561DCE57A4009F60F6 /* BoardViewController.swift in Sources */ = {isa = PBXBuildFile; fileRef = DA2CDD551DCE57A4009F60F6 /* BoardViewController.swift */; };
		DAEC55721DA05C1E000C67B6 /* LevelController.swift in Sources */ = {isa = PBXBuildFile; fileRef = DAEC55711DA05C1E000C67B6 /* LevelController.swift */; };
		DAEC55741DA0C06A000C67B6 /* LevelModel.swift in Sources */ = {isa = PBXBuildFile; fileRef = DAEC55731DA0C06A000C67B6 /* LevelModel.swift */; };
		E35B8B7C1DE3FE7F0034888D /* GameOverViewController.swift in Sources */ = {isa = PBXBuildFile; fileRef = E35B8B7B1DE3FE7F0034888D /* GameOverViewController.swift */; };
		E3D95B8F1DE5531E0092978E /* submitButton-green.png in Resources */ = {isa = PBXBuildFile; fileRef = E3D95B8E1DE5531E0092978E /* submitButton-green.png */; };
/* End PBXBuildFile section */

/* Begin PBXContainerItemProxy section */
		8FB340741DA04E2B00B470CB /* PBXContainerItemProxy */ = {
			isa = PBXContainerItemProxy;
			containerPortal = 8FB340571DA04E2B00B470CB /* Project object */;
			proxyType = 1;
			remoteGlobalIDString = 8FB3405E1DA04E2B00B470CB;
			remoteInfo = colore;
		};
		8FB3407F1DA04E2B00B470CB /* PBXContainerItemProxy */ = {
			isa = PBXContainerItemProxy;
			containerPortal = 8FB340571DA04E2B00B470CB /* Project object */;
			proxyType = 1;
			remoteGlobalIDString = 8FB3405E1DA04E2B00B470CB;
			remoteInfo = colore;
		};
/* End PBXContainerItemProxy section */

/* Begin PBXFileReference section */
		8F1791641DCD164200307999 /* BoardModel.swift */ = {isa = PBXFileReference; fileEncoding = 4; lastKnownFileType = sourcecode.swift; path = BoardModel.swift; sourceTree = "<group>"; };
		8FB3405F1DA04E2B00B470CB /* colore.app */ = {isa = PBXFileReference; explicitFileType = wrapper.application; includeInIndex = 0; path = colore.app; sourceTree = BUILT_PRODUCTS_DIR; };
		8FB340621DA04E2B00B470CB /* AppDelegate.swift */ = {isa = PBXFileReference; lastKnownFileType = sourcecode.swift; path = AppDelegate.swift; sourceTree = "<group>"; };
		8FB340671DA04E2B00B470CB /* Base */ = {isa = PBXFileReference; lastKnownFileType = file.storyboard; name = Base; path = Base.lproj/Main.storyboard; sourceTree = "<group>"; };
		8FB340691DA04E2B00B470CB /* Assets.xcassets */ = {isa = PBXFileReference; lastKnownFileType = folder.assetcatalog; path = Assets.xcassets; sourceTree = "<group>"; };
		8FB3406C1DA04E2B00B470CB /* Base */ = {isa = PBXFileReference; lastKnownFileType = file.storyboard; name = Base; path = Base.lproj/LaunchScreen.storyboard; sourceTree = "<group>"; };
		8FB3406E1DA04E2B00B470CB /* Info.plist */ = {isa = PBXFileReference; lastKnownFileType = text.plist.xml; path = Info.plist; sourceTree = "<group>"; };
		8FB340731DA04E2B00B470CB /* coloreTests.xctest */ = {isa = PBXFileReference; explicitFileType = wrapper.cfbundle; includeInIndex = 0; path = coloreTests.xctest; sourceTree = BUILT_PRODUCTS_DIR; };
		8FB340771DA04E2B00B470CB /* coloreTests.swift */ = {isa = PBXFileReference; lastKnownFileType = sourcecode.swift; path = coloreTests.swift; sourceTree = "<group>"; };
		8FB340791DA04E2B00B470CB /* Info.plist */ = {isa = PBXFileReference; lastKnownFileType = text.plist.xml; path = Info.plist; sourceTree = "<group>"; };
		8FB3407E1DA04E2B00B470CB /* coloreUITests.xctest */ = {isa = PBXFileReference; explicitFileType = wrapper.cfbundle; includeInIndex = 0; path = coloreUITests.xctest; sourceTree = BUILT_PRODUCTS_DIR; };
		8FB340821DA04E2B00B470CB /* coloreUITests.swift */ = {isa = PBXFileReference; lastKnownFileType = sourcecode.swift; path = coloreUITests.swift; sourceTree = "<group>"; };
		8FB340841DA04E2B00B470CB /* Info.plist */ = {isa = PBXFileReference; lastKnownFileType = text.plist.xml; path = Info.plist; sourceTree = "<group>"; };
		8FB340901DA04E8400B470CB /* app_icon.png */ = {isa = PBXFileReference; lastKnownFileType = image.png; path = app_icon.png; sourceTree = "<group>"; };
		8FB340921DA04E8E00B470CB /* splash_icon.png */ = {isa = PBXFileReference; lastKnownFileType = image.png; path = splash_icon.png; sourceTree = "<group>"; };
		8FB340941DA04EE000B470CB /* HomeViewController.swift */ = {isa = PBXFileReference; fileEncoding = 4; lastKnownFileType = sourcecode.swift; path = HomeViewController.swift; sourceTree = "<group>"; };
		8FB340961DA04EFD00B470CB /* MasterModule.swift */ = {isa = PBXFileReference; fileEncoding = 4; lastKnownFileType = sourcecode.swift; path = MasterModule.swift; sourceTree = "<group>"; };
		8FB3409C1DA072B200B470CB /* SequenceModule.swift */ = {isa = PBXFileReference; fileEncoding = 4; lastKnownFileType = sourcecode.swift; path = SequenceModule.swift; sourceTree = "<group>"; };
		8FC3B52D1DCE65AA00B68645 /* UtilityModule.swift */ = {isa = PBXFileReference; fileEncoding = 4; lastKnownFileType = sourcecode.swift; path = UtilityModule.swift; sourceTree = "<group>"; };
		DA2CDD531DCE5747009F60F6 /* BoardCell.swift */ = {isa = PBXFileReference; fileEncoding = 4; lastKnownFileType = sourcecode.swift; path = BoardCell.swift; sourceTree = "<group>"; };
		DA2CDD551DCE57A4009F60F6 /* BoardViewController.swift */ = {isa = PBXFileReference; fileEncoding = 4; lastKnownFileType = sourcecode.swift; path = BoardViewController.swift; sourceTree = "<group>"; };
		DAEC55711DA05C1E000C67B6 /* LevelController.swift */ = {isa = PBXFileReference; fileEncoding = 4; lastKnownFileType = sourcecode.swift; path = LevelController.swift; sourceTree = "<group>"; };
		DAEC55731DA0C06A000C67B6 /* LevelModel.swift */ = {isa = PBXFileReference; fileEncoding = 4; lastKnownFileType = sourcecode.swift; path = LevelModel.swift; sourceTree = "<group>"; };
		E35B8B7B1DE3FE7F0034888D /* GameOverViewController.swift */ = {isa = PBXFileReference; fileEncoding = 4; lastKnownFileType = sourcecode.swift; path = GameOverViewController.swift; sourceTree = "<group>"; };
		E3D95B8E1DE5531E0092978E /* submitButton-green.png */ = {isa = PBXFileReference; lastKnownFileType = image.png; path = "submitButton-green.png"; sourceTree = "<group>"; };
/* End PBXFileReference section */

/* Begin PBXFrameworksBuildPhase section */
		8FB3405C1DA04E2B00B470CB /* Frameworks */ = {
			isa = PBXFrameworksBuildPhase;
			buildActionMask = 2147483647;
			files = (
			);
			runOnlyForDeploymentPostprocessing = 0;
		};
		8FB340701DA04E2B00B470CB /* Frameworks */ = {
			isa = PBXFrameworksBuildPhase;
			buildActionMask = 2147483647;
			files = (
			);
			runOnlyForDeploymentPostprocessing = 0;
		};
		8FB3407B1DA04E2B00B470CB /* Frameworks */ = {
			isa = PBXFrameworksBuildPhase;
			buildActionMask = 2147483647;
			files = (
			);
			runOnlyForDeploymentPostprocessing = 0;
		};
/* End PBXFrameworksBuildPhase section */

/* Begin PBXGroup section */
		8F1791631DCD15AD00307999 /* BoardScreen */ = {
			isa = PBXGroup;
			children = (
				DA2CDD531DCE5747009F60F6 /* BoardCell.swift */,
				DA2CDD551DCE57A4009F60F6 /* BoardViewController.swift */,
				8F1791641DCD164200307999 /* BoardModel.swift */,
			);
			name = BoardScreen;
			sourceTree = "<group>";
		};
		8FB340561DA04E2B00B470CB = {
			isa = PBXGroup;
			children = (
				8FB340611DA04E2B00B470CB /* colore */,
				8FB340761DA04E2B00B470CB /* coloreTests */,
				8FB340811DA04E2B00B470CB /* coloreUITests */,
				8FB340601DA04E2B00B470CB /* Products */,
			);
			sourceTree = "<group>";
		};
		8FB340601DA04E2B00B470CB /* Products */ = {
			isa = PBXGroup;
			children = (
				8FB3405F1DA04E2B00B470CB /* colore.app */,
				8FB340731DA04E2B00B470CB /* coloreTests.xctest */,
				8FB3407E1DA04E2B00B470CB /* coloreUITests.xctest */,
			);
			name = Products;
			sourceTree = "<group>";
		};
		8FB340611DA04E2B00B470CB /* colore */ = {
			isa = PBXGroup;
			children = (
				DAEE12A21DE68D5300A0666E /* StoryBoard */,
				DAEE12A11DE68D3C00A0666E /* HomeScreen */,
				DAEE12A01DE68CAF00A0666E /* GameOver */,
				8F1791631DCD15AD00307999 /* BoardScreen */,
				DA0F653F1DB1731500CC0CB6 /* images */,
				DA0F653C1DB16A5D00CC0CB6 /* Modules */,
				DAEC55701DA05BF2000C67B6 /* LevelScreen */,
				8FB340621DA04E2B00B470CB /* AppDelegate.swift */,
				8FB340691DA04E2B00B470CB /* Assets.xcassets */,
				8FB3406E1DA04E2B00B470CB /* Info.plist */,
			);
			path = colore;
			sourceTree = "<group>";
		};
		8FB340761DA04E2B00B470CB /* coloreTests */ = {
			isa = PBXGroup;
			children = (
				8FB340771DA04E2B00B470CB /* coloreTests.swift */,
				8FB340791DA04E2B00B470CB /* Info.plist */,
			);
			path = coloreTests;
			sourceTree = "<group>";
		};
		8FB340811DA04E2B00B470CB /* coloreUITests */ = {
			isa = PBXGroup;
			children = (
				8FB340821DA04E2B00B470CB /* coloreUITests.swift */,
				8FB340841DA04E2B00B470CB /* Info.plist */,
			);
			path = coloreUITests;
			sourceTree = "<group>";
		};
		DA0F653C1DB16A5D00CC0CB6 /* Modules */ = {
			isa = PBXGroup;
			children = (
				8FB3409C1DA072B200B470CB /* SequenceModule.swift */,
				8FB340961DA04EFD00B470CB /* MasterModule.swift */,
				8FC3B52D1DCE65AA00B68645 /* UtilityModule.swift */,
			);
			name = Modules;
			sourceTree = "<group>";
		};
		DA0F653F1DB1731500CC0CB6 /* images */ = {
			isa = PBXGroup;
			children = (
				8FB340921DA04E8E00B470CB /* splash_icon.png */,
				8FB340901DA04E8400B470CB /* app_icon.png */,
				E3D95B8E1DE5531E0092978E /* submitButton-green.png */,
			);
			name = images;
			sourceTree = "<group>";
		};
		DAEC55701DA05BF2000C67B6 /* LevelScreen */ = {
			isa = PBXGroup;
			children = (
				DAEC55711DA05C1E000C67B6 /* LevelController.swift */,
				DAEC55731DA0C06A000C67B6 /* LevelModel.swift */,
			);
			name = LevelScreen;
			sourceTree = "<group>";
		};
		DAEE12A01DE68CAF00A0666E /* GameOver */ = {
			isa = PBXGroup;
			children = (
				E35B8B7B1DE3FE7F0034888D /* GameOverViewController.swift */,
			);
			name = GameOver;
			sourceTree = "<group>";
		};
		DAEE12A11DE68D3C00A0666E /* HomeScreen */ = {
			isa = PBXGroup;
			children = (
				8FB340941DA04EE000B470CB /* HomeViewController.swift */,
			);
			name = HomeScreen;
			sourceTree = "<group>";
		};
		DAEE12A21DE68D5300A0666E /* StoryBoard */ = {
			isa = PBXGroup;
			children = (
				8FB3406B1DA04E2B00B470CB /* LaunchScreen.storyboard */,
				8FB340661DA04E2B00B470CB /* Main.storyboard */,
			);
			name = StoryBoard;
			sourceTree = "<group>";
		};
/* End PBXGroup section */

/* Begin PBXNativeTarget section */
		8FB3405E1DA04E2B00B470CB /* colore */ = {
			isa = PBXNativeTarget;
			buildConfigurationList = 8FB340871DA04E2B00B470CB /* Build configuration list for PBXNativeTarget "colore" */;
			buildPhases = (
				8FB3405B1DA04E2B00B470CB /* Sources */,
				8FB3405C1DA04E2B00B470CB /* Frameworks */,
				8FB3405D1DA04E2B00B470CB /* Resources */,
			);
			buildRules = (
			);
			dependencies = (
			);
			name = colore;
			productName = colore;
			productReference = 8FB3405F1DA04E2B00B470CB /* colore.app */;
			productType = "com.apple.product-type.application";
		};
		8FB340721DA04E2B00B470CB /* coloreTests */ = {
			isa = PBXNativeTarget;
			buildConfigurationList = 8FB3408A1DA04E2B00B470CB /* Build configuration list for PBXNativeTarget "coloreTests" */;
			buildPhases = (
				8FB3406F1DA04E2B00B470CB /* Sources */,
				8FB340701DA04E2B00B470CB /* Frameworks */,
				8FB340711DA04E2B00B470CB /* Resources */,
			);
			buildRules = (
			);
			dependencies = (
				8FB340751DA04E2B00B470CB /* PBXTargetDependency */,
			);
			name = coloreTests;
			productName = coloreTests;
			productReference = 8FB340731DA04E2B00B470CB /* coloreTests.xctest */;
			productType = "com.apple.product-type.bundle.unit-test";
		};
		8FB3407D1DA04E2B00B470CB /* coloreUITests */ = {
			isa = PBXNativeTarget;
			buildConfigurationList = 8FB3408D1DA04E2B00B470CB /* Build configuration list for PBXNativeTarget "coloreUITests" */;
			buildPhases = (
				8FB3407A1DA04E2B00B470CB /* Sources */,
				8FB3407B1DA04E2B00B470CB /* Frameworks */,
				8FB3407C1DA04E2B00B470CB /* Resources */,
			);
			buildRules = (
			);
			dependencies = (
				8FB340801DA04E2B00B470CB /* PBXTargetDependency */,
			);
			name = coloreUITests;
			productName = coloreUITests;
			productReference = 8FB3407E1DA04E2B00B470CB /* coloreUITests.xctest */;
			productType = "com.apple.product-type.bundle.ui-testing";
		};
/* End PBXNativeTarget section */

/* Begin PBXProject section */
		8FB340571DA04E2B00B470CB /* Project object */ = {
			isa = PBXProject;
			attributes = {
				LastSwiftUpdateCheck = 0730;
				LastUpgradeCheck = 0730;
				ORGANIZATIONNAME = "Anita Garcia";
				TargetAttributes = {
					8FB3405E1DA04E2B00B470CB = {
						CreatedOnToolsVersion = 7.3.1;
					};
					8FB340721DA04E2B00B470CB = {
						CreatedOnToolsVersion = 7.3.1;
						TestTargetID = 8FB3405E1DA04E2B00B470CB;
					};
					8FB3407D1DA04E2B00B470CB = {
						CreatedOnToolsVersion = 7.3.1;
						TestTargetID = 8FB3405E1DA04E2B00B470CB;
					};
				};
			};
			buildConfigurationList = 8FB3405A1DA04E2B00B470CB /* Build configuration list for PBXProject "colore" */;
			compatibilityVersion = "Xcode 3.2";
			developmentRegion = English;
			hasScannedForEncodings = 0;
			knownRegions = (
				en,
				Base,
			);
			mainGroup = 8FB340561DA04E2B00B470CB;
			productRefGroup = 8FB340601DA04E2B00B470CB /* Products */;
			projectDirPath = "";
			projectRoot = "";
			targets = (
				8FB3405E1DA04E2B00B470CB /* colore */,
				8FB340721DA04E2B00B470CB /* coloreTests */,
				8FB3407D1DA04E2B00B470CB /* coloreUITests */,
			);
		};
/* End PBXProject section */

/* Begin PBXResourcesBuildPhase section */
		8FB3405D1DA04E2B00B470CB /* Resources */ = {
			isa = PBXResourcesBuildPhase;
			buildActionMask = 2147483647;
			files = (
				8FB340911DA04E8400B470CB /* app_icon.png in Resources */,
				8FB3406D1DA04E2B00B470CB /* LaunchScreen.storyboard in Resources */,
				8FB3406A1DA04E2B00B470CB /* Assets.xcassets in Resources */,
				8FB340681DA04E2B00B470CB /* Main.storyboard in Resources */,
				8FB340931DA04E8E00B470CB /* splash_icon.png in Resources */,
				E3D95B8F1DE5531E0092978E /* submitButton-green.png in Resources */,
			);
			runOnlyForDeploymentPostprocessing = 0;
		};
		8FB340711DA04E2B00B470CB /* Resources */ = {
			isa = PBXResourcesBuildPhase;
			buildActionMask = 2147483647;
			files = (
			);
			runOnlyForDeploymentPostprocessing = 0;
		};
		8FB3407C1DA04E2B00B470CB /* Resources */ = {
			isa = PBXResourcesBuildPhase;
			buildActionMask = 2147483647;
			files = (
			);
			runOnlyForDeploymentPostprocessing = 0;
		};
/* End PBXResourcesBuildPhase section */

/* Begin PBXSourcesBuildPhase section */
		8FB3405B1DA04E2B00B470CB /* Sources */ = {
			isa = PBXSourcesBuildPhase;
			buildActionMask = 2147483647;
			files = (
				DAEC55721DA05C1E000C67B6 /* LevelController.swift in Sources */,
				DA2CDD541DCE5747009F60F6 /* BoardCell.swift in Sources */,
				8FB340631DA04E2B00B470CB /* AppDelegate.swift in Sources */,
				8FB3409D1DA072B200B470CB /* SequenceModule.swift in Sources */,
				8FC3B52E1DCE65AA00B68645 /* UtilityModule.swift in Sources */,
				8F1791651DCD164200307999 /* BoardModel.swift in Sources */,
				8FB340951DA04EE000B470CB /* HomeViewController.swift in Sources */,
				E35B8B7C1DE3FE7F0034888D /* GameOverViewController.swift in Sources */,
				8FB340971DA04EFD00B470CB /* MasterModule.swift in Sources */,
				DAEC55741DA0C06A000C67B6 /* LevelModel.swift in Sources */,
				DA2CDD561DCE57A4009F60F6 /* BoardViewController.swift in Sources */,
			);
			runOnlyForDeploymentPostprocessing = 0;
		};
		8FB3406F1DA04E2B00B470CB /* Sources */ = {
			isa = PBXSourcesBuildPhase;
			buildActionMask = 2147483647;
			files = (
				8FB340781DA04E2B00B470CB /* coloreTests.swift in Sources */,
			);
			runOnlyForDeploymentPostprocessing = 0;
		};
		8FB3407A1DA04E2B00B470CB /* Sources */ = {
			isa = PBXSourcesBuildPhase;
			buildActionMask = 2147483647;
			files = (
				8FB340831DA04E2B00B470CB /* coloreUITests.swift in Sources */,
			);
			runOnlyForDeploymentPostprocessing = 0;
		};
/* End PBXSourcesBuildPhase section */

/* Begin PBXTargetDependency section */
		8FB340751DA04E2B00B470CB /* PBXTargetDependency */ = {
			isa = PBXTargetDependency;
			target = 8FB3405E1DA04E2B00B470CB /* colore */;
			targetProxy = 8FB340741DA04E2B00B470CB /* PBXContainerItemProxy */;
		};
		8FB340801DA04E2B00B470CB /* PBXTargetDependency */ = {
			isa = PBXTargetDependency;
			target = 8FB3405E1DA04E2B00B470CB /* colore */;
			targetProxy = 8FB3407F1DA04E2B00B470CB /* PBXContainerItemProxy */;
		};
/* End PBXTargetDependency section */

/* Begin PBXVariantGroup section */
		8FB340661DA04E2B00B470CB /* Main.storyboard */ = {
			isa = PBXVariantGroup;
			children = (
				8FB340671DA04E2B00B470CB /* Base */,
			);
			name = Main.storyboard;
			sourceTree = "<group>";
		};
		8FB3406B1DA04E2B00B470CB /* LaunchScreen.storyboard */ = {
			isa = PBXVariantGroup;
			children = (
				8FB3406C1DA04E2B00B470CB /* Base */,
			);
			name = LaunchScreen.storyboard;
			sourceTree = "<group>";
		};
/* End PBXVariantGroup section */

/* Begin XCBuildConfiguration section */
		8FB340851DA04E2B00B470CB /* Debug */ = {
			isa = XCBuildConfiguration;
			buildSettings = {
				ALWAYS_SEARCH_USER_PATHS = NO;
				CLANG_ANALYZER_NONNULL = YES;
				CLANG_CXX_LANGUAGE_STANDARD = "gnu++0x";
				CLANG_CXX_LIBRARY = "libc++";
				CLANG_ENABLE_MODULES = YES;
				CLANG_ENABLE_OBJC_ARC = YES;
				CLANG_WARN_BOOL_CONVERSION = YES;
				CLANG_WARN_CONSTANT_CONVERSION = YES;
				CLANG_WARN_DIRECT_OBJC_ISA_USAGE = YES_ERROR;
				CLANG_WARN_EMPTY_BODY = YES;
				CLANG_WARN_ENUM_CONVERSION = YES;
				CLANG_WARN_INT_CONVERSION = YES;
				CLANG_WARN_OBJC_ROOT_CLASS = YES_ERROR;
				CLANG_WARN_UNREACHABLE_CODE = YES;
				CLANG_WARN__DUPLICATE_METHOD_MATCH = YES;
				"CODE_SIGN_IDENTITY[sdk=iphoneos*]" = "iPhone Developer";
				COPY_PHASE_STRIP = NO;
				DEBUG_INFORMATION_FORMAT = dwarf;
				ENABLE_STRICT_OBJC_MSGSEND = YES;
				ENABLE_TESTABILITY = YES;
				GCC_C_LANGUAGE_STANDARD = gnu99;
				GCC_DYNAMIC_NO_PIC = NO;
				GCC_NO_COMMON_BLOCKS = YES;
				GCC_OPTIMIZATION_LEVEL = 0;
				GCC_PREPROCESSOR_DEFINITIONS = (
					"DEBUG=1",
					"$(inherited)",
				);
				GCC_WARN_64_TO_32_BIT_CONVERSION = YES;
				GCC_WARN_ABOUT_RETURN_TYPE = YES_ERROR;
				GCC_WARN_UNDECLARED_SELECTOR = YES;
				GCC_WARN_UNINITIALIZED_AUTOS = YES_AGGRESSIVE;
				GCC_WARN_UNUSED_FUNCTION = YES;
				GCC_WARN_UNUSED_VARIABLE = YES;
				IPHONEOS_DEPLOYMENT_TARGET = 9.3;
				MTL_ENABLE_DEBUG_INFO = YES;
				ONLY_ACTIVE_ARCH = YES;
				SDKROOT = iphoneos;
				SWIFT_OPTIMIZATION_LEVEL = "-Onone";
				TARGETED_DEVICE_FAMILY = "1,2";
			};
			name = Debug;
		};
		8FB340861DA04E2B00B470CB /* Release */ = {
			isa = XCBuildConfiguration;
			buildSettings = {
				ALWAYS_SEARCH_USER_PATHS = NO;
				CLANG_ANALYZER_NONNULL = YES;
				CLANG_CXX_LANGUAGE_STANDARD = "gnu++0x";
				CLANG_CXX_LIBRARY = "libc++";
				CLANG_ENABLE_MODULES = YES;
				CLANG_ENABLE_OBJC_ARC = YES;
				CLANG_WARN_BOOL_CONVERSION = YES;
				CLANG_WARN_CONSTANT_CONVERSION = YES;
				CLANG_WARN_DIRECT_OBJC_ISA_USAGE = YES_ERROR;
				CLANG_WARN_EMPTY_BODY = YES;
				CLANG_WARN_ENUM_CONVERSION = YES;
				CLANG_WARN_INT_CONVERSION = YES;
				CLANG_WARN_OBJC_ROOT_CLASS = YES_ERROR;
				CLANG_WARN_UNREACHABLE_CODE = YES;
				CLANG_WARN__DUPLICATE_METHOD_MATCH = YES;
				"CODE_SIGN_IDENTITY[sdk=iphoneos*]" = "iPhone Developer";
				COPY_PHASE_STRIP = NO;
				DEBUG_INFORMATION_FORMAT = "dwarf-with-dsym";
				ENABLE_NS_ASSERTIONS = NO;
				ENABLE_STRICT_OBJC_MSGSEND = YES;
				GCC_C_LANGUAGE_STANDARD = gnu99;
				GCC_NO_COMMON_BLOCKS = YES;
				GCC_WARN_64_TO_32_BIT_CONVERSION = YES;
				GCC_WARN_ABOUT_RETURN_TYPE = YES_ERROR;
				GCC_WARN_UNDECLARED_SELECTOR = YES;
				GCC_WARN_UNINITIALIZED_AUTOS = YES_AGGRESSIVE;
				GCC_WARN_UNUSED_FUNCTION = YES;
				GCC_WARN_UNUSED_VARIABLE = YES;
				IPHONEOS_DEPLOYMENT_TARGET = 9.3;
				MTL_ENABLE_DEBUG_INFO = NO;
				SDKROOT = iphoneos;
				TARGETED_DEVICE_FAMILY = "1,2";
				VALIDATE_PRODUCT = YES;
			};
			name = Release;
		};
		8FB340881DA04E2B00B470CB /* Debug */ = {
			isa = XCBuildConfiguration;
			buildSettings = {
				ASSETCATALOG_COMPILER_APPICON_NAME = AppIcon;
				INFOPLIST_FILE = colore/Info.plist;
				LD_RUNPATH_SEARCH_PATHS = "$(inherited) @executable_path/Frameworks";
				PRODUCT_BUNDLE_IDENTIFIER = csumb.colore;
				PRODUCT_NAME = "$(TARGET_NAME)";
			};
			name = Debug;
		};
		8FB340891DA04E2B00B470CB /* Release */ = {
			isa = XCBuildConfiguration;
			buildSettings = {
				ASSETCATALOG_COMPILER_APPICON_NAME = AppIcon;
				INFOPLIST_FILE = colore/Info.plist;
				LD_RUNPATH_SEARCH_PATHS = "$(inherited) @executable_path/Frameworks";
				PRODUCT_BUNDLE_IDENTIFIER = csumb.colore;
				PRODUCT_NAME = "$(TARGET_NAME)";
			};
			name = Release;
		};
		8FB3408B1DA04E2B00B470CB /* Debug */ = {
			isa = XCBuildConfiguration;
			buildSettings = {
				BUNDLE_LOADER = "$(TEST_HOST)";
				INFOPLIST_FILE = coloreTests/Info.plist;
				LD_RUNPATH_SEARCH_PATHS = "$(inherited) @executable_path/Frameworks @loader_path/Frameworks";
				PRODUCT_BUNDLE_IDENTIFIER = csumb.coloreTests;
				PRODUCT_NAME = "$(TARGET_NAME)";
				TEST_HOST = "$(BUILT_PRODUCTS_DIR)/colore.app/colore";
			};
			name = Debug;
		};
		8FB3408C1DA04E2B00B470CB /* Release */ = {
			isa = XCBuildConfiguration;
			buildSettings = {
				BUNDLE_LOADER = "$(TEST_HOST)";
				INFOPLIST_FILE = coloreTests/Info.plist;
				LD_RUNPATH_SEARCH_PATHS = "$(inherited) @executable_path/Frameworks @loader_path/Frameworks";
				PRODUCT_BUNDLE_IDENTIFIER = csumb.coloreTests;
				PRODUCT_NAME = "$(TARGET_NAME)";
				TEST_HOST = "$(BUILT_PRODUCTS_DIR)/colore.app/colore";
			};
			name = Release;
		};
		8FB3408E1DA04E2B00B470CB /* Debug */ = {
			isa = XCBuildConfiguration;
			buildSettings = {
				INFOPLIST_FILE = coloreUITests/Info.plist;
				LD_RUNPATH_SEARCH_PATHS = "$(inherited) @executable_path/Frameworks @loader_path/Frameworks";
				PRODUCT_BUNDLE_IDENTIFIER = csumb.coloreUITests;
				PRODUCT_NAME = "$(TARGET_NAME)";
				TEST_TARGET_NAME = colore;
			};
			name = Debug;
		};
		8FB3408F1DA04E2B00B470CB /* Release */ = {
			isa = XCBuildConfiguration;
			buildSettings = {
				INFOPLIST_FILE = coloreUITests/Info.plist;
				LD_RUNPATH_SEARCH_PATHS = "$(inherited) @executable_path/Frameworks @loader_path/Frameworks";
				PRODUCT_BUNDLE_IDENTIFIER = csumb.coloreUITests;
				PRODUCT_NAME = "$(TARGET_NAME)";
				TEST_TARGET_NAME = colore;
			};
			name = Release;
		};
/* End XCBuildConfiguration section */

/* Begin XCConfigurationList section */
		8FB3405A1DA04E2B00B470CB /* Build configuration list for PBXProject "colore" */ = {
			isa = XCConfigurationList;
			buildConfigurations = (
				8FB340851DA04E2B00B470CB /* Debug */,
				8FB340861DA04E2B00B470CB /* Release */,
			);
			defaultConfigurationIsVisible = 0;
			defaultConfigurationName = Release;
		};
		8FB340871DA04E2B00B470CB /* Build configuration list for PBXNativeTarget "colore" */ = {
			isa = XCConfigurationList;
			buildConfigurations = (
				8FB340881DA04E2B00B470CB /* Debug */,
				8FB340891DA04E2B00B470CB /* Release */,
			);
			defaultConfigurationIsVisible = 0;
			defaultConfigurationName = Release;
		};
		8FB3408A1DA04E2B00B470CB /* Build configuration list for PBXNativeTarget "coloreTests" */ = {
			isa = XCConfigurationList;
			buildConfigurations = (
				8FB3408B1DA04E2B00B470CB /* Debug */,
				8FB3408C1DA04E2B00B470CB /* Release */,
			);
			defaultConfigurationIsVisible = 0;
			defaultConfigurationName = Release;
		};
		8FB3408D1DA04E2B00B470CB /* Build configuration list for PBXNativeTarget "coloreUITests" */ = {
			isa = XCConfigurationList;
			buildConfigurations = (
				8FB3408E1DA04E2B00B470CB /* Debug */,
				8FB3408F1DA04E2B00B470CB /* Release */,
			);
			defaultConfigurationIsVisible = 0;
			defaultConfigurationName = Release;
		};
/* End XCConfigurationList section */
	};
	rootObject = 8FB340571DA04E2B00B470CB /* Project object */;
}
